// !$*UTF8*$!
{
	archiveVersion = 1;
	classes = {
	};
	objectVersion = 48;
	objects = {

/* Begin PBXBuildFile section */
		440DBCF922F3483200D1E5EA /* WriteNDEFUriCommand.swift in Sources */ = {isa = PBXBuildFile; fileRef = 440DBCF722F3483200D1E5EA /* WriteNDEFUriCommand.swift */; };
		440DBCFA22F3483200D1E5EA /* WriteCustomNDEFCommand.swift in Sources */ = {isa = PBXBuildFile; fileRef = 440DBCF822F3483200D1E5EA /* WriteCustomNDEFCommand.swift */; };
		6D009748204F7553002C98D7 /* TCMP.m in Sources */ = {isa = PBXBuildFile; fileRef = 6D009747204F7553002C98D7 /* TCMP.m */; };
		6D009749204F7553002C98D7 /* TCMP.h in CopyFiles */ = {isa = PBXBuildFile; fileRef = 6D009746204F7553002C98D7 /* TCMP.h */; };
		6D0097572051B87B002C98D7 /* TCMPMessage.swift in Sources */ = {isa = PBXBuildFile; fileRef = 6D0097562051B87B002C98D7 /* TCMPMessage.swift */; };
		6D00979F205220BB002C98D7 /* MessageResolver.swift in Sources */ = {isa = PBXBuildFile; fileRef = 6D00979E205220BB002C98D7 /* MessageResolver.swift */; };
		6D0097A32052236E002C98D7 /* BasicNFCCommandResolver.swift in Sources */ = {isa = PBXBuildFile; fileRef = 6D0097A22052236E002C98D7 /* BasicNFCCommandResolver.swift */; };
		6D0097AA2052279E002C98D7 /* ScanNDEFCommand.swift in Sources */ = {isa = PBXBuildFile; fileRef = 6D0097A72052279E002C98D7 /* ScanNDEFCommand.swift */; };
		6D0097AC2052279E002C98D7 /* StreamNDEFCommand.swift in Sources */ = {isa = PBXBuildFile; fileRef = 6D0097A92052279E002C98D7 /* StreamNDEFCommand.swift */; };
		6D0097AE205227E3002C98D7 /* ApplicationErrorMessage.swift in Sources */ = {isa = PBXBuildFile; fileRef = 6D0097AD205227E3002C98D7 /* ApplicationErrorMessage.swift */; };
		6D0097B220523483002C98D7 /* BasicNfcApplicationErrorMessage.swift in Sources */ = {isa = PBXBuildFile; fileRef = 6D0097B120523483002C98D7 /* BasicNfcApplicationErrorMessage.swift */; };
		6D0097B420523D56002C98D7 /* PollingModes.swift in Sources */ = {isa = PBXBuildFile; fileRef = 6D0097B320523D56002C98D7 /* PollingModes.swift */; };
		6D0097B62052F376002C98D7 /* RawTCMPMessage.swift in Sources */ = {isa = PBXBuildFile; fileRef = 6D0097B52052F376002C98D7 /* RawTCMPMessage.swift */; };
		6D0097B8205343BD002C98D7 /* TCMPUtils.swift in Sources */ = {isa = PBXBuildFile; fileRef = 6D0097B7205343BD002C98D7 /* TCMPUtils.swift */; };
		6D0097BA205344D5002C98D7 /* WriteNDEFTextCommand.swift in Sources */ = {isa = PBXBuildFile; fileRef = 6D0097B9205344D5002C98D7 /* WriteNDEFTextCommand.swift */; };
		6D0097BC205345F6002C98D7 /* LockingModes.swift in Sources */ = {isa = PBXBuildFile; fileRef = 6D0097BB205345F6002C98D7 /* LockingModes.swift */; };
		6D0097C020534796002C98D7 /* NDEFFoundResponse.swift in Sources */ = {isa = PBXBuildFile; fileRef = 6D0097BF20534796002C98D7 /* NDEFFoundResponse.swift */; };
		6D0097C620535958002C98D7 /* TagTypes.swift in Sources */ = {isa = PBXBuildFile; fileRef = 6D0097C520535958002C98D7 /* TagTypes.swift */; };
		6D0097D82054BE50002C98D7 /* TappySerialCommunicator.swift in Sources */ = {isa = PBXBuildFile; fileRef = 6D0097D72054BE50002C98D7 /* TappySerialCommunicator.swift */; };
		6D0097DE2054C198002C98D7 /* TappyStatus.swift in Sources */ = {isa = PBXBuildFile; fileRef = 6D0097DD2054C198002C98D7 /* TappyStatus.swift */; };
		6D0097E02054C640002C98D7 /* Tappy.swift in Sources */ = {isa = PBXBuildFile; fileRef = 6D0097DF2054C640002C98D7 /* Tappy.swift */; };
		6D0224A92063209A00DAF925 /* TappyBleDevice.swift in Sources */ = {isa = PBXBuildFile; fileRef = 6D0224A82063209A00DAF925 /* TappyBleDevice.swift */; };
		6D0C452A205AF8F300F46737 /* TappyBleError.swift in Sources */ = {isa = PBXBuildFile; fileRef = 6D0C4529205AF8F300F46737 /* TappyBleError.swift */; };
		6D0C452D205B60ED00F46737 /* SerialTappyTest.swift in Sources */ = {isa = PBXBuildFile; fileRef = 6D0C452C205B60ED00F46737 /* SerialTappyTest.swift */; };
		6D0C4537205B61C000F46737 /* libTapTrackReader.a in Frameworks */ = {isa = PBXBuildFile; fileRef = 6D009743204F7553002C98D7 /* libTapTrackReader.a */; };
		6D544AA42056F9CB0004DE1C /* SerialTappy.swift in Sources */ = {isa = PBXBuildFile; fileRef = 6D544A9D2056B3BB0004DE1C /* SerialTappy.swift */; };
		6D544AAF2056FC720004DE1C /* libTapTrackReader.a in Frameworks */ = {isa = PBXBuildFile; fileRef = 6D009743204F7553002C98D7 /* libTapTrackReader.a */; };
		6D544AB9205899C70004DE1C /* TappyBleDeviceDefinition.swift in Sources */ = {isa = PBXBuildFile; fileRef = 6D544AB8205899C70004DE1C /* TappyBleDeviceDefinition.swift */; };
		6D544ABB20589BB40004DE1C /* TappyBle.swift in Sources */ = {isa = PBXBuildFile; fileRef = 6D544ABA20589BB40004DE1C /* TappyBle.swift */; };
		6D544ABD20589C6E0004DE1C /* TappyBleCommunicator.swift in Sources */ = {isa = PBXBuildFile; fileRef = 6D544ABC20589C6E0004DE1C /* TappyBleCommunicator.swift */; };
		6D5515102060753E004E6CBC /* TagWrittenResponse.swift in Sources */ = {isa = PBXBuildFile; fileRef = 6D55150F2060753E004E6CBC /* TagWrittenResponse.swift */; };
		6D6DAF302062EBE50064C8F5 /* TappyCentralManagerProvider.swift in Sources */ = {isa = PBXBuildFile; fileRef = 6D6DAF2C2062EBE50064C8F5 /* TappyCentralManagerProvider.swift */; };
		6D6DAF312062EBE50064C8F5 /* TappyBleScannerStatus.swift in Sources */ = {isa = PBXBuildFile; fileRef = 6D6DAF2D2062EBE50064C8F5 /* TappyBleScannerStatus.swift */; };
		6D6DAF322062EBE50064C8F5 /* TappyBleScanner.swift in Sources */ = {isa = PBXBuildFile; fileRef = 6D6DAF2E2062EBE50064C8F5 /* TappyBleScanner.swift */; };
		6D77D59C207C3CCF00EA87D5 /* StopCommand.swift in Sources */ = {isa = PBXBuildFile; fileRef = 6D77D59B207C3CCF00EA87D5 /* StopCommand.swift */; };
		6DC95B7B208434CD000B6A20 /* ScanTagCommand.swift in Sources */ = {isa = PBXBuildFile; fileRef = 6DC95B7A208434CD000B6A20 /* ScanTagCommand.swift */; };
		6DC95B7D20843719000B6A20 /* StreamTagCommand.swift in Sources */ = {isa = PBXBuildFile; fileRef = 6DC95B7C20843719000B6A20 /* StreamTagCommand.swift */; };
		6DC95B7F208437C8000B6A20 /* TagFoundResponse.swift in Sources */ = {isa = PBXBuildFile; fileRef = 6DC95B7E208437C8000B6A20 /* TagFoundResponse.swift */; };
/* End PBXBuildFile section */

/* Begin PBXContainerItemProxy section */
		6D0C4538205B61C000F46737 /* PBXContainerItemProxy */ = {
			isa = PBXContainerItemProxy;
			containerPortal = 6D00973B204F7553002C98D7 /* Project object */;
			proxyType = 1;
			remoteGlobalIDString = 6D009742204F7553002C98D7;
			remoteInfo = TapTrackReader;
		};
		6D544AB02056FC720004DE1C /* PBXContainerItemProxy */ = {
			isa = PBXContainerItemProxy;
			containerPortal = 6D00973B204F7553002C98D7 /* Project object */;
			proxyType = 1;
			remoteGlobalIDString = 6D009742204F7553002C98D7;
			remoteInfo = TapTrackReader;
		};
/* End PBXContainerItemProxy section */

/* Begin PBXCopyFilesBuildPhase section */
		6D009741204F7553002C98D7 /* CopyFiles */ = {
			isa = PBXCopyFilesBuildPhase;
			buildActionMask = 2147483647;
			dstPath = "include/$(PRODUCT_NAME)";
			dstSubfolderSpec = 16;
			files = (
				6D009749204F7553002C98D7 /* TCMP.h in CopyFiles */,
			);
			runOnlyForDeploymentPostprocessing = 0;
		};
/* End PBXCopyFilesBuildPhase section */

/* Begin PBXFileReference section */
		440DBCF722F3483200D1E5EA /* WriteNDEFUriCommand.swift */ = {isa = PBXFileReference; fileEncoding = 4; lastKnownFileType = sourcecode.swift; path = WriteNDEFUriCommand.swift; sourceTree = "<group>"; };
		440DBCF822F3483200D1E5EA /* WriteCustomNDEFCommand.swift */ = {isa = PBXFileReference; fileEncoding = 4; lastKnownFileType = sourcecode.swift; path = WriteCustomNDEFCommand.swift; sourceTree = "<group>"; };
		6D009743204F7553002C98D7 /* libTapTrackReader.a */ = {isa = PBXFileReference; explicitFileType = archive.ar; includeInIndex = 0; path = libTapTrackReader.a; sourceTree = BUILT_PRODUCTS_DIR; };
		6D009746204F7553002C98D7 /* TCMP.h */ = {isa = PBXFileReference; lastKnownFileType = sourcecode.c.h; path = TCMP.h; sourceTree = "<group>"; };
		6D009747204F7553002C98D7 /* TCMP.m */ = {isa = PBXFileReference; lastKnownFileType = sourcecode.c.objc; path = TCMP.m; sourceTree = "<group>"; };
		6D00974F204F7651002C98D7 /* TCMP-Bridging-Header.h */ = {isa = PBXFileReference; lastKnownFileType = sourcecode.c.h; path = "TCMP-Bridging-Header.h"; sourceTree = "<group>"; };
		6D0097562051B87B002C98D7 /* TCMPMessage.swift */ = {isa = PBXFileReference; lastKnownFileType = sourcecode.swift; path = TCMPMessage.swift; sourceTree = "<group>"; };
		6D00979E205220BB002C98D7 /* MessageResolver.swift */ = {isa = PBXFileReference; lastKnownFileType = sourcecode.swift; path = MessageResolver.swift; sourceTree = "<group>"; };
		6D0097A22052236E002C98D7 /* BasicNFCCommandResolver.swift */ = {isa = PBXFileReference; lastKnownFileType = sourcecode.swift; path = BasicNFCCommandResolver.swift; sourceTree = "<group>"; };
		6D0097A72052279E002C98D7 /* ScanNDEFCommand.swift */ = {isa = PBXFileReference; fileEncoding = 4; lastKnownFileType = sourcecode.swift; path = ScanNDEFCommand.swift; sourceTree = "<group>"; };
		6D0097A92052279E002C98D7 /* StreamNDEFCommand.swift */ = {isa = PBXFileReference; fileEncoding = 4; lastKnownFileType = sourcecode.swift; path = StreamNDEFCommand.swift; sourceTree = "<group>"; };
		6D0097AD205227E3002C98D7 /* ApplicationErrorMessage.swift */ = {isa = PBXFileReference; lastKnownFileType = sourcecode.swift; path = ApplicationErrorMessage.swift; sourceTree = "<group>"; };
		6D0097B120523483002C98D7 /* BasicNfcApplicationErrorMessage.swift */ = {isa = PBXFileReference; fileEncoding = 4; lastKnownFileType = sourcecode.swift; path = BasicNfcApplicationErrorMessage.swift; sourceTree = "<group>"; };
		6D0097B320523D56002C98D7 /* PollingModes.swift */ = {isa = PBXFileReference; lastKnownFileType = sourcecode.swift; path = PollingModes.swift; sourceTree = "<group>"; };
		6D0097B52052F376002C98D7 /* RawTCMPMessage.swift */ = {isa = PBXFileReference; fileEncoding = 4; lastKnownFileType = sourcecode.swift; path = RawTCMPMessage.swift; sourceTree = "<group>"; };
		6D0097B7205343BD002C98D7 /* TCMPUtils.swift */ = {isa = PBXFileReference; fileEncoding = 4; lastKnownFileType = sourcecode.swift; path = TCMPUtils.swift; sourceTree = "<group>"; };
		6D0097B9205344D5002C98D7 /* WriteNDEFTextCommand.swift */ = {isa = PBXFileReference; fileEncoding = 4; lastKnownFileType = sourcecode.swift; path = WriteNDEFTextCommand.swift; sourceTree = "<group>"; };
		6D0097BB205345F6002C98D7 /* LockingModes.swift */ = {isa = PBXFileReference; lastKnownFileType = sourcecode.swift; path = LockingModes.swift; sourceTree = "<group>"; };
		6D0097BF20534796002C98D7 /* NDEFFoundResponse.swift */ = {isa = PBXFileReference; lastKnownFileType = sourcecode.swift; path = NDEFFoundResponse.swift; sourceTree = "<group>"; };
		6D0097C520535958002C98D7 /* TagTypes.swift */ = {isa = PBXFileReference; lastKnownFileType = sourcecode.swift; path = TagTypes.swift; sourceTree = "<group>"; };
		6D0097D72054BE50002C98D7 /* TappySerialCommunicator.swift */ = {isa = PBXFileReference; lastKnownFileType = sourcecode.swift; path = TappySerialCommunicator.swift; sourceTree = "<group>"; };
		6D0097DD2054C198002C98D7 /* TappyStatus.swift */ = {isa = PBXFileReference; lastKnownFileType = sourcecode.swift; path = TappyStatus.swift; sourceTree = "<group>"; };
		6D0097DF2054C640002C98D7 /* Tappy.swift */ = {isa = PBXFileReference; lastKnownFileType = sourcecode.swift; path = Tappy.swift; sourceTree = "<group>"; };
		6D0224A82063209A00DAF925 /* TappyBleDevice.swift */ = {isa = PBXFileReference; fileEncoding = 4; lastKnownFileType = sourcecode.swift; path = TappyBleDevice.swift; sourceTree = "<group>"; };
		6D0C4529205AF8F300F46737 /* TappyBleError.swift */ = {isa = PBXFileReference; lastKnownFileType = sourcecode.swift; path = TappyBleError.swift; sourceTree = "<group>"; };
		6D0C452B205B60ED00F46737 /* TappyReaderTests-Bridging-Header.h */ = {isa = PBXFileReference; lastKnownFileType = sourcecode.c.h; path = "TappyReaderTests-Bridging-Header.h"; sourceTree = "<group>"; };
		6D0C452C205B60ED00F46737 /* SerialTappyTest.swift */ = {isa = PBXFileReference; fileEncoding = 4; lastKnownFileType = sourcecode.swift; path = SerialTappyTest.swift; sourceTree = "<group>"; };
		6D0C4532205B61C000F46737 /* TappyBleTest.xctest */ = {isa = PBXFileReference; explicitFileType = wrapper.cfbundle; includeInIndex = 0; path = TappyBleTest.xctest; sourceTree = BUILT_PRODUCTS_DIR; };
		6D544A9D2056B3BB0004DE1C /* SerialTappy.swift */ = {isa = PBXFileReference; fileEncoding = 4; lastKnownFileType = sourcecode.swift; path = SerialTappy.swift; sourceTree = "<group>"; };
		6D544AAA2056FC720004DE1C /* TappyReaderTests.xctest */ = {isa = PBXFileReference; explicitFileType = wrapper.cfbundle; includeInIndex = 0; path = TappyReaderTests.xctest; sourceTree = BUILT_PRODUCTS_DIR; };
		6D544AAE2056FC720004DE1C /* Info.plist */ = {isa = PBXFileReference; lastKnownFileType = text.plist.xml; path = Info.plist; sourceTree = "<group>"; };
		6D544AB8205899C70004DE1C /* TappyBleDeviceDefinition.swift */ = {isa = PBXFileReference; lastKnownFileType = sourcecode.swift; path = TappyBleDeviceDefinition.swift; sourceTree = "<group>"; };
		6D544ABA20589BB40004DE1C /* TappyBle.swift */ = {isa = PBXFileReference; lastKnownFileType = sourcecode.swift; path = TappyBle.swift; sourceTree = "<group>"; };
		6D544ABC20589C6E0004DE1C /* TappyBleCommunicator.swift */ = {isa = PBXFileReference; lastKnownFileType = sourcecode.swift; path = TappyBleCommunicator.swift; sourceTree = "<group>"; };
		6D55150F2060753E004E6CBC /* TagWrittenResponse.swift */ = {isa = PBXFileReference; fileEncoding = 4; lastKnownFileType = sourcecode.swift; path = TagWrittenResponse.swift; sourceTree = "<group>"; };
		6D6DAF272062AE920064C8F5 /* README.md */ = {isa = PBXFileReference; fileEncoding = 4; lastKnownFileType = net.daringfireball.markdown; path = README.md; sourceTree = "<group>"; };
		6D6DAF2C2062EBE50064C8F5 /* TappyCentralManagerProvider.swift */ = {isa = PBXFileReference; fileEncoding = 4; lastKnownFileType = sourcecode.swift; path = TappyCentralManagerProvider.swift; sourceTree = "<group>"; };
		6D6DAF2D2062EBE50064C8F5 /* TappyBleScannerStatus.swift */ = {isa = PBXFileReference; fileEncoding = 4; lastKnownFileType = sourcecode.swift; path = TappyBleScannerStatus.swift; sourceTree = "<group>"; };
		6D6DAF2E2062EBE50064C8F5 /* TappyBleScanner.swift */ = {isa = PBXFileReference; fileEncoding = 4; lastKnownFileType = sourcecode.swift; path = TappyBleScanner.swift; sourceTree = "<group>"; };
		6D77D59B207C3CCF00EA87D5 /* StopCommand.swift */ = {isa = PBXFileReference; lastKnownFileType = sourcecode.swift; path = StopCommand.swift; sourceTree = "<group>"; };
		6DC95B7A208434CD000B6A20 /* ScanTagCommand.swift */ = {isa = PBXFileReference; lastKnownFileType = sourcecode.swift; path = ScanTagCommand.swift; sourceTree = "<group>"; };
		6DC95B7C20843719000B6A20 /* StreamTagCommand.swift */ = {isa = PBXFileReference; lastKnownFileType = sourcecode.swift; path = StreamTagCommand.swift; sourceTree = "<group>"; };
		6DC95B7E208437C8000B6A20 /* TagFoundResponse.swift */ = {isa = PBXFileReference; lastKnownFileType = sourcecode.swift; path = TagFoundResponse.swift; sourceTree = "<group>"; };
/* End PBXFileReference section */

/* Begin PBXFrameworksBuildPhase section */
		6D009740204F7553002C98D7 /* Frameworks */ = {
			isa = PBXFrameworksBuildPhase;
			buildActionMask = 2147483647;
			files = (
			);
			runOnlyForDeploymentPostprocessing = 0;
		};
		6D0C452F205B61C000F46737 /* Frameworks */ = {
			isa = PBXFrameworksBuildPhase;
			buildActionMask = 2147483647;
			files = (
				6D0C4537205B61C000F46737 /* libTapTrackReader.a in Frameworks */,
			);
			runOnlyForDeploymentPostprocessing = 0;
		};
		6D544AA72056FC720004DE1C /* Frameworks */ = {
			isa = PBXFrameworksBuildPhase;
			buildActionMask = 2147483647;
			files = (
				6D544AAF2056FC720004DE1C /* libTapTrackReader.a in Frameworks */,
			);
			runOnlyForDeploymentPostprocessing = 0;
		};
/* End PBXFrameworksBuildPhase section */

/* Begin PBXGroup section */
		1407B012858101F47C82E6CC /* Pods */ = {
			isa = PBXGroup;
			children = (
			);
			name = Pods;
			sourceTree = "<group>";
		};
		6D00973A204F7553002C98D7 = {
			isa = PBXGroup;
			children = (
				6D6DAF272062AE920064C8F5 /* README.md */,
				6D544AB7205899AA0004DE1C /* TappyBle */,
				6D0097D62054BCF6002C98D7 /* TappyReader */,
				6D009745204F7553002C98D7 /* TCMP */,
				6D544AAB2056FC720004DE1C /* TappyReaderTests */,
				6D009744204F7553002C98D7 /* Products */,
				1407B012858101F47C82E6CC /* Pods */,
				79376A56CCBD185278BFA398 /* Frameworks */,
			);
			sourceTree = "<group>";
		};
		6D009744204F7553002C98D7 /* Products */ = {
			isa = PBXGroup;
			children = (
				6D009743204F7553002C98D7 /* libTapTrackReader.a */,
				6D544AAA2056FC720004DE1C /* TappyReaderTests.xctest */,
				6D0C4532205B61C000F46737 /* TappyBleTest.xctest */,
			);
			name = Products;
			sourceTree = "<group>";
		};
		6D009745204F7553002C98D7 /* TCMP */ = {
			isa = PBXGroup;
			children = (
				6D00979520521F35002C98D7 /* BasicNFC-CommandFamily */,
				6D0097B52052F376002C98D7 /* RawTCMPMessage.swift */,
				6D0097B7205343BD002C98D7 /* TCMPUtils.swift */,
				6D009746204F7553002C98D7 /* TCMP.h */,
				6D009747204F7553002C98D7 /* TCMP.m */,
				6D00974F204F7651002C98D7 /* TCMP-Bridging-Header.h */,
				6D0097562051B87B002C98D7 /* TCMPMessage.swift */,
				6D00979E205220BB002C98D7 /* MessageResolver.swift */,
				6D0097AD205227E3002C98D7 /* ApplicationErrorMessage.swift */,
				6D0097C520535958002C98D7 /* TagTypes.swift */,
			);
			path = TCMP;
			sourceTree = "<group>";
		};
		6D00979520521F35002C98D7 /* BasicNFC-CommandFamily */ = {
			isa = PBXGroup;
			children = (
				6D0097A620522774002C98D7 /* commands */,
				6D0097A520522733002C98D7 /* responses */,
				6D0097A22052236E002C98D7 /* BasicNFCCommandResolver.swift */,
			);
			path = "BasicNFC-CommandFamily";
			sourceTree = "<group>";
		};
		6D0097A520522733002C98D7 /* responses */ = {
			isa = PBXGroup;
			children = (
				6D55150F2060753E004E6CBC /* TagWrittenResponse.swift */,
				6D0097B120523483002C98D7 /* BasicNfcApplicationErrorMessage.swift */,
				6D0097BF20534796002C98D7 /* NDEFFoundResponse.swift */,
				6DC95B7E208437C8000B6A20 /* TagFoundResponse.swift */,
			);
			path = responses;
			sourceTree = "<group>";
		};
		6D0097A620522774002C98D7 /* commands */ = {
			isa = PBXGroup;
			children = (
				6D0097B9205344D5002C98D7 /* WriteNDEFTextCommand.swift */,
				6D0097A72052279E002C98D7 /* ScanNDEFCommand.swift */,
				6D0097A92052279E002C98D7 /* StreamNDEFCommand.swift */,
				6D0097B320523D56002C98D7 /* PollingModes.swift */,
				6D0097BB205345F6002C98D7 /* LockingModes.swift */,
				6D77D59B207C3CCF00EA87D5 /* StopCommand.swift */,
				6DC95B7A208434CD000B6A20 /* ScanTagCommand.swift */,
				6DC95B7C20843719000B6A20 /* StreamTagCommand.swift */,
				440DBCF822F3483200D1E5EA /* WriteCustomNDEFCommand.swift */,
				440DBCF722F3483200D1E5EA /* WriteNDEFUriCommand.swift */,
			);
			path = commands;
			sourceTree = "<group>";
		};
		6D0097D62054BCF6002C98D7 /* TappyReader */ = {
			isa = PBXGroup;
			children = (
				6D0097D72054BE50002C98D7 /* TappySerialCommunicator.swift */,
				6D0097DD2054C198002C98D7 /* TappyStatus.swift */,
				6D0097DF2054C640002C98D7 /* Tappy.swift */,
				6D544A9D2056B3BB0004DE1C /* SerialTappy.swift */,
			);
			path = TappyReader;
			sourceTree = "<group>";
		};
		6D544AAB2056FC720004DE1C /* TappyReaderTests */ = {
			isa = PBXGroup;
			children = (
				6D0C452C205B60ED00F46737 /* SerialTappyTest.swift */,
				6D544AAE2056FC720004DE1C /* Info.plist */,
				6D0C452B205B60ED00F46737 /* TappyReaderTests-Bridging-Header.h */,
			);
			path = TappyReaderTests;
			sourceTree = "<group>";
		};
		6D544AB7205899AA0004DE1C /* TappyBle */ = {
			isa = PBXGroup;
			children = (
				6D0224A82063209A00DAF925 /* TappyBleDevice.swift */,
				6D6DAF2E2062EBE50064C8F5 /* TappyBleScanner.swift */,
				6D6DAF2D2062EBE50064C8F5 /* TappyBleScannerStatus.swift */,
				6D6DAF2C2062EBE50064C8F5 /* TappyCentralManagerProvider.swift */,
				6D544AB8205899C70004DE1C /* TappyBleDeviceDefinition.swift */,
				6D544ABA20589BB40004DE1C /* TappyBle.swift */,
				6D544ABC20589C6E0004DE1C /* TappyBleCommunicator.swift */,
				6D0C4529205AF8F300F46737 /* TappyBleError.swift */,
			);
			path = TappyBle;
			sourceTree = "<group>";
		};
		79376A56CCBD185278BFA398 /* Frameworks */ = {
			isa = PBXGroup;
			children = (
			);
			name = Frameworks;
			sourceTree = "<group>";
		};
/* End PBXGroup section */

/* Begin PBXNativeTarget section */
		6D009742204F7553002C98D7 /* TapTrackReader */ = {
			isa = PBXNativeTarget;
			buildConfigurationList = 6D00974C204F7553002C98D7 /* Build configuration list for PBXNativeTarget "TapTrackReader" */;
			buildPhases = (
				6D00973F204F7553002C98D7 /* Sources */,
				6D009740204F7553002C98D7 /* Frameworks */,
				6D009741204F7553002C98D7 /* CopyFiles */,
			);
			buildRules = (
			);
			dependencies = (
			);
			name = TapTrackReader;
			productName = TCMP;
			productReference = 6D009743204F7553002C98D7 /* libTapTrackReader.a */;
			productType = "com.apple.product-type.library.static";
		};
		6D0C4531205B61C000F46737 /* TappyBleTest */ = {
			isa = PBXNativeTarget;
			buildConfigurationList = 6D0C453A205B61C000F46737 /* Build configuration list for PBXNativeTarget "TappyBleTest" */;
			buildPhases = (
				6D0C452E205B61C000F46737 /* Sources */,
				6D0C452F205B61C000F46737 /* Frameworks */,
				6D0C4530205B61C000F46737 /* Resources */,
			);
			buildRules = (
			);
			dependencies = (
				6D0C4539205B61C000F46737 /* PBXTargetDependency */,
			);
			name = TappyBleTest;
			productName = TappyBleTest;
			productReference = 6D0C4532205B61C000F46737 /* TappyBleTest.xctest */;
			productType = "com.apple.product-type.bundle.unit-test";
		};
		6D544AA92056FC720004DE1C /* TappyReaderTests */ = {
			isa = PBXNativeTarget;
			buildConfigurationList = 6D544AB22056FC720004DE1C /* Build configuration list for PBXNativeTarget "TappyReaderTests" */;
			buildPhases = (
				6D544AA62056FC720004DE1C /* Sources */,
				6D544AA72056FC720004DE1C /* Frameworks */,
				6D544AA82056FC720004DE1C /* Resources */,
			);
			buildRules = (
			);
			dependencies = (
				6D544AB12056FC720004DE1C /* PBXTargetDependency */,
			);
			name = TappyReaderTests;
			productName = TappyReaderTests;
			productReference = 6D544AAA2056FC720004DE1C /* TappyReaderTests.xctest */;
			productType = "com.apple.product-type.bundle.unit-test";
		};
/* End PBXNativeTarget section */

/* Begin PBXProject section */
		6D00973B204F7553002C98D7 /* Project object */ = {
			isa = PBXProject;
			attributes = {
				LastSwiftUpdateCheck = 0920;
				LastUpgradeCheck = 1010;
				ORGANIZATIONNAME = "David Shalaby";
				TargetAttributes = {
					6D009742204F7553002C98D7 = {
						CreatedOnToolsVersion = 9.2;
						LastSwiftMigration = 0920;
						ProvisioningStyle = Automatic;
					};
					6D0C4531205B61C000F46737 = {
						CreatedOnToolsVersion = 9.2;
						ProvisioningStyle = Automatic;
					};
					6D544AA92056FC720004DE1C = {
						CreatedOnToolsVersion = 9.2;
						LastSwiftMigration = 0920;
						ProvisioningStyle = Automatic;
					};
				};
			};
			buildConfigurationList = 6D00973E204F7553002C98D7 /* Build configuration list for PBXProject "TapTrackReader" */;
			compatibilityVersion = "Xcode 8.0";
			developmentRegion = en;
			hasScannedForEncodings = 0;
			knownRegions = (
				en,
			);
			mainGroup = 6D00973A204F7553002C98D7;
			productRefGroup = 6D009744204F7553002C98D7 /* Products */;
			projectDirPath = "";
			projectRoot = "";
			targets = (
				6D009742204F7553002C98D7 /* TapTrackReader */,
				6D544AA92056FC720004DE1C /* TappyReaderTests */,
				6D0C4531205B61C000F46737 /* TappyBleTest */,
			);
		};
/* End PBXProject section */

/* Begin PBXResourcesBuildPhase section */
		6D0C4530205B61C000F46737 /* Resources */ = {
			isa = PBXResourcesBuildPhase;
			buildActionMask = 2147483647;
			files = (
			);
			runOnlyForDeploymentPostprocessing = 0;
		};
		6D544AA82056FC720004DE1C /* Resources */ = {
			isa = PBXResourcesBuildPhase;
			buildActionMask = 2147483647;
			files = (
			);
			runOnlyForDeploymentPostprocessing = 0;
		};
/* End PBXResourcesBuildPhase section */

/* Begin PBXSourcesBuildPhase section */
		6D00973F204F7553002C98D7 /* Sources */ = {
			isa = PBXSourcesBuildPhase;
			buildActionMask = 2147483647;
			files = (
				6D0097DE2054C198002C98D7 /* TappyStatus.swift in Sources */,
				6D0097BC205345F6002C98D7 /* LockingModes.swift in Sources */,
				6D544AA42056F9CB0004DE1C /* SerialTappy.swift in Sources */,
				6D0097A32052236E002C98D7 /* BasicNFCCommandResolver.swift in Sources */,
				6D6DAF322062EBE50064C8F5 /* TappyBleScanner.swift in Sources */,
				6D6DAF302062EBE50064C8F5 /* TappyCentralManagerProvider.swift in Sources */,
				6D0097BA205344D5002C98D7 /* WriteNDEFTextCommand.swift in Sources */,
				6D0097AA2052279E002C98D7 /* ScanNDEFCommand.swift in Sources */,
				6D0224A92063209A00DAF925 /* TappyBleDevice.swift in Sources */,
				6D544ABB20589BB40004DE1C /* TappyBle.swift in Sources */,
				6D0097B62052F376002C98D7 /* RawTCMPMessage.swift in Sources */,
				6D544AB9205899C70004DE1C /* TappyBleDeviceDefinition.swift in Sources */,
				6DC95B7D20843719000B6A20 /* StreamTagCommand.swift in Sources */,
				6D0C452A205AF8F300F46737 /* TappyBleError.swift in Sources */,
				6D00979F205220BB002C98D7 /* MessageResolver.swift in Sources */,
				6D0097B220523483002C98D7 /* BasicNfcApplicationErrorMessage.swift in Sources */,
				6D544ABD20589C6E0004DE1C /* TappyBleCommunicator.swift in Sources */,
				440DBCFA22F3483200D1E5EA /* WriteCustomNDEFCommand.swift in Sources */,
				440DBCF922F3483200D1E5EA /* WriteNDEFUriCommand.swift in Sources */,
				6D0097D82054BE50002C98D7 /* TappySerialCommunicator.swift in Sources */,
				6D0097C620535958002C98D7 /* TagTypes.swift in Sources */,
				6D0097AC2052279E002C98D7 /* StreamNDEFCommand.swift in Sources */,
				6D6DAF312062EBE50064C8F5 /* TappyBleScannerStatus.swift in Sources */,
				6D5515102060753E004E6CBC /* TagWrittenResponse.swift in Sources */,
				6DC95B7B208434CD000B6A20 /* ScanTagCommand.swift in Sources */,
				6D0097B8205343BD002C98D7 /* TCMPUtils.swift in Sources */,
				6DC95B7F208437C8000B6A20 /* TagFoundResponse.swift in Sources */,
				6D009748204F7553002C98D7 /* TCMP.m in Sources */,
				6D0097B420523D56002C98D7 /* PollingModes.swift in Sources */,
				6D0097E02054C640002C98D7 /* Tappy.swift in Sources */,
				6D77D59C207C3CCF00EA87D5 /* StopCommand.swift in Sources */,
				6D0097AE205227E3002C98D7 /* ApplicationErrorMessage.swift in Sources */,
				6D0097C020534796002C98D7 /* NDEFFoundResponse.swift in Sources */,
				6D0097572051B87B002C98D7 /* TCMPMessage.swift in Sources */,
			);
			runOnlyForDeploymentPostprocessing = 0;
		};
		6D0C452E205B61C000F46737 /* Sources */ = {
			isa = PBXSourcesBuildPhase;
			buildActionMask = 2147483647;
			files = (
			);
			runOnlyForDeploymentPostprocessing = 0;
		};
		6D544AA62056FC720004DE1C /* Sources */ = {
			isa = PBXSourcesBuildPhase;
			buildActionMask = 2147483647;
			files = (
				6D0C452D205B60ED00F46737 /* SerialTappyTest.swift in Sources */,
			);
			runOnlyForDeploymentPostprocessing = 0;
		};
/* End PBXSourcesBuildPhase section */

/* Begin PBXTargetDependency section */
		6D0C4539205B61C000F46737 /* PBXTargetDependency */ = {
			isa = PBXTargetDependency;
			target = 6D009742204F7553002C98D7 /* TapTrackReader */;
			targetProxy = 6D0C4538205B61C000F46737 /* PBXContainerItemProxy */;
		};
		6D544AB12056FC720004DE1C /* PBXTargetDependency */ = {
			isa = PBXTargetDependency;
			target = 6D009742204F7553002C98D7 /* TapTrackReader */;
			targetProxy = 6D544AB02056FC720004DE1C /* PBXContainerItemProxy */;
		};
/* End PBXTargetDependency section */

/* Begin XCBuildConfiguration section */
		6D00974A204F7553002C98D7 /* Debug */ = {
			isa = XCBuildConfiguration;
			buildSettings = {
				ALWAYS_SEARCH_USER_PATHS = NO;
				CLANG_ANALYZER_NONNULL = YES;
				CLANG_ANALYZER_NUMBER_OBJECT_CONVERSION = YES_AGGRESSIVE;
				CLANG_CXX_LANGUAGE_STANDARD = "gnu++14";
				CLANG_CXX_LIBRARY = "libc++";
				CLANG_ENABLE_MODULES = YES;
				CLANG_ENABLE_OBJC_ARC = YES;
				CLANG_WARN_BLOCK_CAPTURE_AUTORELEASING = YES;
				CLANG_WARN_BOOL_CONVERSION = YES;
				CLANG_WARN_COMMA = YES;
				CLANG_WARN_CONSTANT_CONVERSION = YES;
				CLANG_WARN_DEPRECATED_OBJC_IMPLEMENTATIONS = YES;
				CLANG_WARN_DIRECT_OBJC_ISA_USAGE = YES_ERROR;
				CLANG_WARN_DOCUMENTATION_COMMENTS = YES;
				CLANG_WARN_EMPTY_BODY = YES;
				CLANG_WARN_ENUM_CONVERSION = YES;
				CLANG_WARN_INFINITE_RECURSION = YES;
				CLANG_WARN_INT_CONVERSION = YES;
				CLANG_WARN_NON_LITERAL_NULL_CONVERSION = YES;
				CLANG_WARN_OBJC_IMPLICIT_RETAIN_SELF = YES;
				CLANG_WARN_OBJC_LITERAL_CONVERSION = YES;
				CLANG_WARN_OBJC_ROOT_CLASS = YES_ERROR;
				CLANG_WARN_RANGE_LOOP_ANALYSIS = YES;
				CLANG_WARN_STRICT_PROTOTYPES = YES;
				CLANG_WARN_SUSPICIOUS_MOVE = YES;
				CLANG_WARN_UNGUARDED_AVAILABILITY = YES_AGGRESSIVE;
				CLANG_WARN_UNREACHABLE_CODE = YES;
				CLANG_WARN__DUPLICATE_METHOD_MATCH = YES;
				CODE_SIGN_IDENTITY = "iPhone Developer";
				COPY_PHASE_STRIP = NO;
				DEBUG_INFORMATION_FORMAT = dwarf;
				ENABLE_STRICT_OBJC_MSGSEND = YES;
				ENABLE_TESTABILITY = YES;
				GCC_C_LANGUAGE_STANDARD = gnu11;
				GCC_DYNAMIC_NO_PIC = NO;
				GCC_NO_COMMON_BLOCKS = YES;
				GCC_OPTIMIZATION_LEVEL = 0;
				GCC_PREPROCESSOR_DEFINITIONS = (
					"DEBUG=1",
					"$(inherited)",
				);
				GCC_WARN_64_TO_32_BIT_CONVERSION = YES;
				GCC_WARN_ABOUT_RETURN_TYPE = YES_ERROR;
				GCC_WARN_UNDECLARED_SELECTOR = YES;
				GCC_WARN_UNINITIALIZED_AUTOS = YES_AGGRESSIVE;
				GCC_WARN_UNUSED_FUNCTION = YES;
				GCC_WARN_UNUSED_VARIABLE = YES;
				IPHONEOS_DEPLOYMENT_TARGET = 8.0;
				MTL_ENABLE_DEBUG_INFO = YES;
				ONLY_ACTIVE_ARCH = YES;
				SDKROOT = iphoneos;
				SWIFT_VERSION = 4.2;
			};
			name = Debug;
		};
		6D00974B204F7553002C98D7 /* Release */ = {
			isa = XCBuildConfiguration;
			buildSettings = {
				ALWAYS_SEARCH_USER_PATHS = NO;
				CLANG_ANALYZER_NONNULL = YES;
				CLANG_ANALYZER_NUMBER_OBJECT_CONVERSION = YES_AGGRESSIVE;
				CLANG_CXX_LANGUAGE_STANDARD = "gnu++14";
				CLANG_CXX_LIBRARY = "libc++";
				CLANG_ENABLE_MODULES = YES;
				CLANG_ENABLE_OBJC_ARC = YES;
				CLANG_WARN_BLOCK_CAPTURE_AUTORELEASING = YES;
				CLANG_WARN_BOOL_CONVERSION = YES;
				CLANG_WARN_COMMA = YES;
				CLANG_WARN_CONSTANT_CONVERSION = YES;
				CLANG_WARN_DEPRECATED_OBJC_IMPLEMENTATIONS = YES;
				CLANG_WARN_DIRECT_OBJC_ISA_USAGE = YES_ERROR;
				CLANG_WARN_DOCUMENTATION_COMMENTS = YES;
				CLANG_WARN_EMPTY_BODY = YES;
				CLANG_WARN_ENUM_CONVERSION = YES;
				CLANG_WARN_INFINITE_RECURSION = YES;
				CLANG_WARN_INT_CONVERSION = YES;
				CLANG_WARN_NON_LITERAL_NULL_CONVERSION = YES;
				CLANG_WARN_OBJC_IMPLICIT_RETAIN_SELF = YES;
				CLANG_WARN_OBJC_LITERAL_CONVERSION = YES;
				CLANG_WARN_OBJC_ROOT_CLASS = YES_ERROR;
				CLANG_WARN_RANGE_LOOP_ANALYSIS = YES;
				CLANG_WARN_STRICT_PROTOTYPES = YES;
				CLANG_WARN_SUSPICIOUS_MOVE = YES;
				CLANG_WARN_UNGUARDED_AVAILABILITY = YES_AGGRESSIVE;
				CLANG_WARN_UNREACHABLE_CODE = YES;
				CLANG_WARN__DUPLICATE_METHOD_MATCH = YES;
				CODE_SIGN_IDENTITY = "iPhone Developer";
				COPY_PHASE_STRIP = NO;
				DEBUG_INFORMATION_FORMAT = "dwarf-with-dsym";
				ENABLE_NS_ASSERTIONS = NO;
				ENABLE_STRICT_OBJC_MSGSEND = YES;
				GCC_C_LANGUAGE_STANDARD = gnu11;
				GCC_NO_COMMON_BLOCKS = YES;
				GCC_WARN_64_TO_32_BIT_CONVERSION = YES;
				GCC_WARN_ABOUT_RETURN_TYPE = YES_ERROR;
				GCC_WARN_UNDECLARED_SELECTOR = YES;
				GCC_WARN_UNINITIALIZED_AUTOS = YES_AGGRESSIVE;
				GCC_WARN_UNUSED_FUNCTION = YES;
				GCC_WARN_UNUSED_VARIABLE = YES;
				IPHONEOS_DEPLOYMENT_TARGET = 8.0;
				MTL_ENABLE_DEBUG_INFO = NO;
				SDKROOT = iphoneos;
				SWIFT_COMPILATION_MODE = wholemodule;
				SWIFT_VERSION = 4.2;
				VALIDATE_PRODUCT = YES;
			};
			name = Release;
		};
		6D00974D204F7553002C98D7 /* Debug */ = {
			isa = XCBuildConfiguration;
			buildSettings = {
				CLANG_ENABLE_MODULES = YES;
				CODE_SIGN_STYLE = Automatic;
				DEVELOPMENT_TEAM = DB977HJBEL;
				IPHONEOS_DEPLOYMENT_TARGET = 8.0;
				LD_RUNPATH_SEARCH_PATHS = "$(inherited) @executable_path/Frameworks @loader_path/Frameworks";
				OTHER_LDFLAGS = "-ObjC";
				PRODUCT_NAME = "$(TARGET_NAME)";
				SKIP_INSTALL = YES;
				SWIFT_OBJC_BRIDGING_HEADER = "TCMP/TCMP-Bridging-Header.h";
				SWIFT_OPTIMIZATION_LEVEL = "-Onone";
				SWIFT_VERSION = 3.0;
				TARGETED_DEVICE_FAMILY = "1,2";
			};
			name = Debug;
		};
		6D00974E204F7553002C98D7 /* Release */ = {
			isa = XCBuildConfiguration;
			buildSettings = {
				CLANG_ENABLE_MODULES = YES;
				CODE_SIGN_STYLE = Automatic;
				DEVELOPMENT_TEAM = DB977HJBEL;
				IPHONEOS_DEPLOYMENT_TARGET = 8.0;
				LD_RUNPATH_SEARCH_PATHS = "$(inherited) @executable_path/Frameworks @loader_path/Frameworks";
				OTHER_LDFLAGS = "-ObjC";
				PRODUCT_NAME = "$(TARGET_NAME)";
				SKIP_INSTALL = YES;
				SWIFT_OBJC_BRIDGING_HEADER = "TCMP/TCMP-Bridging-Header.h";
				SWIFT_VERSION = 3.0;
				TARGETED_DEVICE_FAMILY = "1,2";
			};
			name = Release;
		};
		6D0C453B205B61C000F46737 /* Debug */ = {
			isa = XCBuildConfiguration;
			buildSettings = {
				CODE_SIGN_STYLE = Automatic;
				DEVELOPMENT_TEAM = DB977HJBEL;
				INFOPLIST_FILE = TappyBleTest/Info.plist;
				LD_RUNPATH_SEARCH_PATHS = "$(inherited) @executable_path/Frameworks @loader_path/Frameworks";
				PRODUCT_BUNDLE_IDENTIFIER = TapTrack.TappyBleTest;
				PRODUCT_NAME = "$(TARGET_NAME)";
				SWIFT_ACTIVE_COMPILATION_CONDITIONS = DEBUG;
				SWIFT_OPTIMIZATION_LEVEL = "-Onone";
				SWIFT_VERSION = 4.0;
				TARGETED_DEVICE_FAMILY = "1,2";
			};
			name = Debug;
		};
		6D0C453C205B61C000F46737 /* Release */ = {
			isa = XCBuildConfiguration;
			buildSettings = {
				CODE_SIGN_STYLE = Automatic;
				DEVELOPMENT_TEAM = DB977HJBEL;
				INFOPLIST_FILE = TappyBleTest/Info.plist;
				LD_RUNPATH_SEARCH_PATHS = "$(inherited) @executable_path/Frameworks @loader_path/Frameworks";
				PRODUCT_BUNDLE_IDENTIFIER = TapTrack.TappyBleTest;
				PRODUCT_NAME = "$(TARGET_NAME)";
				SWIFT_OPTIMIZATION_LEVEL = "-Owholemodule";
				SWIFT_VERSION = 4.0;
				TARGETED_DEVICE_FAMILY = "1,2";
			};
			name = Release;
		};
		6D544AB32056FC720004DE1C /* Debug */ = {
			isa = XCBuildConfiguration;
			buildSettings = {
				CLANG_ENABLE_MODULES = YES;
				CODE_SIGN_STYLE = Automatic;
				DEVELOPMENT_TEAM = DB977HJBEL;
				INFOPLIST_FILE = TappyReaderTests/Info.plist;
				LD_RUNPATH_SEARCH_PATHS = "$(inherited) @executable_path/Frameworks @loader_path/Frameworks";
				PRODUCT_BUNDLE_IDENTIFIER = TapTrack.TappyReaderTests;
				PRODUCT_NAME = "$(TARGET_NAME)";
				SWIFT_ACTIVE_COMPILATION_CONDITIONS = DEBUG;
				SWIFT_OBJC_BRIDGING_HEADER = "TappyReaderTests/TappyReaderTests-Bridging-Header.h";
				SWIFT_OPTIMIZATION_LEVEL = "-Onone";
				SWIFT_VERSION = 4.0;
				TARGETED_DEVICE_FAMILY = "1,2";
			};
			name = Debug;
		};
		6D544AB42056FC720004DE1C /* Release */ = {
			isa = XCBuildConfiguration;
			buildSettings = {
				CLANG_ENABLE_MODULES = YES;
				CODE_SIGN_STYLE = Automatic;
				DEVELOPMENT_TEAM = DB977HJBEL;
				INFOPLIST_FILE = TappyReaderTests/Info.plist;
				LD_RUNPATH_SEARCH_PATHS = "$(inherited) @executable_path/Frameworks @loader_path/Frameworks";
				PRODUCT_BUNDLE_IDENTIFIER = TapTrack.TappyReaderTests;
				PRODUCT_NAME = "$(TARGET_NAME)";
				SWIFT_OBJC_BRIDGING_HEADER = "TappyReaderTests/TappyReaderTests-Bridging-Header.h";
				SWIFT_OPTIMIZATION_LEVEL = "-Owholemodule";
				SWIFT_VERSION = 4.0;
				TARGETED_DEVICE_FAMILY = "1,2";
			};
			name = Release;
		};
/* End XCBuildConfiguration section */

/* Begin XCConfigurationList section */
		6D00973E204F7553002C98D7 /* Build configuration list for PBXProject "TapTrackReader" */ = {
			isa = XCConfigurationList;
			buildConfigurations = (
				6D00974A204F7553002C98D7 /* Debug */,
				6D00974B204F7553002C98D7 /* Release */,
			);
			defaultConfigurationIsVisible = 0;
			defaultConfigurationName = Release;
		};
		6D00974C204F7553002C98D7 /* Build configuration list for PBXNativeTarget "TapTrackReader" */ = {
			isa = XCConfigurationList;
			buildConfigurations = (
				6D00974D204F7553002C98D7 /* Debug */,
				6D00974E204F7553002C98D7 /* Release */,
			);
			defaultConfigurationIsVisible = 0;
			defaultConfigurationName = Release;
		};
		6D0C453A205B61C000F46737 /* Build configuration list for PBXNativeTarget "TappyBleTest" */ = {
			isa = XCConfigurationList;
			buildConfigurations = (
				6D0C453B205B61C000F46737 /* Debug */,
				6D0C453C205B61C000F46737 /* Release */,
			);
			defaultConfigurationIsVisible = 0;
			defaultConfigurationName = Release;
		};
		6D544AB22056FC720004DE1C /* Build configuration list for PBXNativeTarget "TappyReaderTests" */ = {
			isa = XCConfigurationList;
			buildConfigurations = (
				6D544AB32056FC720004DE1C /* Debug */,
				6D544AB42056FC720004DE1C /* Release */,
			);
			defaultConfigurationIsVisible = 0;
			defaultConfigurationName = Release;
		};
/* End XCConfigurationList section */
	};
	rootObject = 6D00973B204F7553002C98D7 /* Project object */;
}
